
Microsoft Visual Studio Solution File, Format Version 12.00
# Visual Studio Version 16
VisualStudioVersion = 16.0.30503.244
MinimumVisualStudioVersion = 10.0.40219.1
Project("{2150E333-8FDC-42A3-9474-1A3956D46DE8}") = "Solution Items", "Solution Items", "{B95DD4CB-70FD-437C-9DA9-78128F47210D}"
	ProjectSection(SolutionItems) = preProject
		.editorconfig = .editorconfig
	EndProjectSection
EndProject
Project("{9A19103F-16F7-4668-BE54-9A1E7A4F7556}") = "FlipsiderEngine", "FlipsiderEngine\FlipsiderEngine.csproj", "{B21F30F5-F373-4F91-9FD6-FFF4CDE8C320}"
EndProject
Global
	GlobalSection(SolutionConfigurationPlatforms) = preSolution
		Debug|Any CPU = Debug|Any CPU
		Release|Any CPU = Release|Any CPU
	EndGlobalSection
	GlobalSection(ProjectConfigurationPlatforms) = postSolution
		{B21F30F5-F373-4F91-9FD6-FFF4CDE8C320}.Debug|Any CPU.ActiveCfg = Debug|Any CPU
		{B21F30F5-F373-4F91-9FD6-FFF4CDE8C320}.Debug|Any CPU.Build.0 = Debug|Any CPU
		{B21F30F5-F373-4F91-9FD6-FFF4CDE8C320}.Release|Any CPU.ActiveCfg = Release|Any CPU
		{B21F30F5-F373-4F91-9FD6-FFF4CDE8C320}.Release|Any CPU.Build.0 = Release|Any CPU
	EndGlobalSection
	GlobalSection(SolutionProperties) = preSolution
		HideSolutionNode = FALSE
	EndGlobalSection
	GlobalSection(ExtensibilityGlobals) = postSolution
		SolutionGuid = {FDEEC938-779C-490E-ADEB-6C5E930319FC}
	EndGlobalSection
EndGlobal
